
Microsoft Visual Studio Solution File, Format Version 12.00
# Visual Studio Version 17
VisualStudioVersion = 17.10.35013.160
MinimumVisualStudioVersion = 10.0.40219.1
Project("{9A19103F-16F7-4668-BE54-9A1E7A4F7556}") = "InternManagerApi.Domain", "InternManagerApi.Domain\InternManagerApi.Domain.csproj", "{F9D65A76-F92E-4961-8BE8-D73836C790DB}"
EndProject
Project("{9A19103F-16F7-4668-BE54-9A1E7A4F7556}") = "InternManagerApi.Infrastructure", "InternManagerApi.Infrastructure\InternManagerApi.Infrastructure.csproj", "{115467F0-6C8C-43B0-B972-63EB18EC1665}"
EndProject
Project("{9A19103F-16F7-4668-BE54-9A1E7A4F7556}") = "InternMangerApi.Application", "InternMangerApi.Application\InternMangerApi.Application.csproj", "{DC9B6B19-E372-4750-BB28-467753924630}"
EndProject
Project("{9A19103F-16F7-4668-BE54-9A1E7A4F7556}") = "InternManagerApi.API", "InternManagerApi.API\InternManagerApi.API.csproj", "{80D95B36-75D2-48D3-8C26-F20793693BA9}"
EndProject
Project("{9A19103F-16F7-4668-BE54-9A1E7A4F7556}") = "Deployment", "InternManager.Deployment\Deployment.csproj", "{8703B214-FD8C-4B3C-A716-28FE093F601D}"
EndProject
Global
	GlobalSection(SolutionConfigurationPlatforms) = preSolution
		Debug|Any CPU = Debug|Any CPU
		Release|Any CPU = Release|Any CPU
	EndGlobalSection
	GlobalSection(ProjectConfigurationPlatforms) = postSolution
		{F9D65A76-F92E-4961-8BE8-D73836C790DB}.Debug|Any CPU.ActiveCfg = Debug|Any CPU
		{F9D65A76-F92E-4961-8BE8-D73836C790DB}.Debug|Any CPU.Build.0 = Debug|Any CPU
		{F9D65A76-F92E-4961-8BE8-D73836C790DB}.Release|Any CPU.ActiveCfg = Release|Any CPU
		{F9D65A76-F92E-4961-8BE8-D73836C790DB}.Release|Any CPU.Build.0 = Release|Any CPU
		{115467F0-6C8C-43B0-B972-63EB18EC1665}.Debug|Any CPU.ActiveCfg = Debug|Any CPU
		{115467F0-6C8C-43B0-B972-63EB18EC1665}.Debug|Any CPU.Build.0 = Debug|Any CPU
		{115467F0-6C8C-43B0-B972-63EB18EC1665}.Release|Any CPU.ActiveCfg = Release|Any CPU
		{115467F0-6C8C-43B0-B972-63EB18EC1665}.Release|Any CPU.Build.0 = Release|Any CPU
		{DC9B6B19-E372-4750-BB28-467753924630}.Debug|Any CPU.ActiveCfg = Debug|Any CPU
		{DC9B6B19-E372-4750-BB28-467753924630}.Debug|Any CPU.Build.0 = Debug|Any CPU
		{DC9B6B19-E372-4750-BB28-467753924630}.Release|Any CPU.ActiveCfg = Release|Any CPU
		{DC9B6B19-E372-4750-BB28-467753924630}.Release|Any CPU.Build.0 = Release|Any CPU
		{80D95B36-75D2-48D3-8C26-F20793693BA9}.Debug|Any CPU.ActiveCfg = Debug|Any CPU
		{80D95B36-75D2-48D3-8C26-F20793693BA9}.Debug|Any CPU.Build.0 = Debug|Any CPU
		{80D95B36-75D2-48D3-8C26-F20793693BA9}.Release|Any CPU.ActiveCfg = Release|Any CPU
		{80D95B36-75D2-48D3-8C26-F20793693BA9}.Release|Any CPU.Build.0 = Release|Any CPU
		{8703B214-FD8C-4B3C-A716-28FE093F601D}.Debug|Any CPU.ActiveCfg = Debug|Any CPU
		{8703B214-FD8C-4B3C-A716-28FE093F601D}.Debug|Any CPU.Build.0 = Debug|Any CPU
		{8703B214-FD8C-4B3C-A716-28FE093F601D}.Release|Any CPU.ActiveCfg = Release|Any CPU
		{8703B214-FD8C-4B3C-A716-28FE093F601D}.Release|Any CPU.Build.0 = Release|Any CPU
	EndGlobalSection
	GlobalSection(SolutionProperties) = preSolution
		HideSolutionNode = FALSE
	EndGlobalSection
	GlobalSection(ExtensibilityGlobals) = postSolution
		SolutionGuid = {AA34D77B-866E-4127-8C77-AA1AABB9FBFB}
	EndGlobalSection
EndGlobal
