
Microsoft Visual Studio Solution File, Format Version 12.00
# Visual Studio Version 17
VisualStudioVersion = 17.10.35013.160
MinimumVisualStudioVersion = 10.0.40219.1
Project("{FAE04EC0-301F-11D3-BF4B-00C04F79EFBC}") = "Domain", "Domain\Domain.csproj", "{2AA4A53D-C766-4BF2-A077-9FFBD7504E94}"
EndProject
Project("{FAE04EC0-301F-11D3-BF4B-00C04F79EFBC}") = "Application", "Application\Application.csproj", "{EFEA292F-0684-4DDF-B14E-0543517ADC00}"
EndProject
Project("{FAE04EC0-301F-11D3-BF4B-00C04F79EFBC}") = "Infrastructure", "Infrastructure\Infrastructure.csproj", "{FBE40B9F-0E66-4E2B-B261-7D9B92CC7621}"
EndProject
Project("{FAE04EC0-301F-11D3-BF4B-00C04F79EFBC}") = "API", "API\API.csproj", "{7BB51F6E-00BE-4108-8BBB-3911527BF669}"
EndProject
Project("{FAE04EC0-301F-11D3-BF4B-00C04F79EFBC}") = "Deployment", "Deployment\Deployment.csproj", "{58F08BDA-F4FD-424D-AA8A-6050AD764748}"
EndProject
Global
	GlobalSection(SolutionConfigurationPlatforms) = preSolution
		Debug|Any CPU = Debug|Any CPU
		Release|Any CPU = Release|Any CPU
	EndGlobalSection
	GlobalSection(ProjectConfigurationPlatforms) = postSolution
		{2AA4A53D-C766-4BF2-A077-9FFBD7504E94}.Debug|Any CPU.ActiveCfg = Debug|Any CPU
		{2AA4A53D-C766-4BF2-A077-9FFBD7504E94}.Debug|Any CPU.Build.0 = Debug|Any CPU
		{2AA4A53D-C766-4BF2-A077-9FFBD7504E94}.Release|Any CPU.ActiveCfg = Release|Any CPU
		{2AA4A53D-C766-4BF2-A077-9FFBD7504E94}.Release|Any CPU.Build.0 = Release|Any CPU
		{EFEA292F-0684-4DDF-B14E-0543517ADC00}.Debug|Any CPU.ActiveCfg = Debug|Any CPU
		{EFEA292F-0684-4DDF-B14E-0543517ADC00}.Debug|Any CPU.Build.0 = Debug|Any CPU
		{EFEA292F-0684-4DDF-B14E-0543517ADC00}.Release|Any CPU.ActiveCfg = Release|Any CPU
		{EFEA292F-0684-4DDF-B14E-0543517ADC00}.Release|Any CPU.Build.0 = Release|Any CPU
		{FBE40B9F-0E66-4E2B-B261-7D9B92CC7621}.Debug|Any CPU.ActiveCfg = Debug|Any CPU
		{FBE40B9F-0E66-4E2B-B261-7D9B92CC7621}.Debug|Any CPU.Build.0 = Debug|Any CPU
		{FBE40B9F-0E66-4E2B-B261-7D9B92CC7621}.Release|Any CPU.ActiveCfg = Release|Any CPU
		{FBE40B9F-0E66-4E2B-B261-7D9B92CC7621}.Release|Any CPU.Build.0 = Release|Any CPU
		{7BB51F6E-00BE-4108-8BBB-3911527BF669}.Debug|Any CPU.ActiveCfg = Debug|Any CPU
		{7BB51F6E-00BE-4108-8BBB-3911527BF669}.Debug|Any CPU.Build.0 = Debug|Any CPU
		{7BB51F6E-00BE-4108-8BBB-3911527BF669}.Release|Any CPU.ActiveCfg = Release|Any CPU
		{7BB51F6E-00BE-4108-8BBB-3911527BF669}.Release|Any CPU.Build.0 = Release|Any CPU
		{58F08BDA-F4FD-424D-AA8A-6050AD764748}.Debug|Any CPU.ActiveCfg = Debug|Any CPU
		{58F08BDA-F4FD-424D-AA8A-6050AD764748}.Debug|Any CPU.Build.0 = Debug|Any CPU
		{58F08BDA-F4FD-424D-AA8A-6050AD764748}.Release|Any CPU.ActiveCfg = Release|Any CPU
		{58F08BDA-F4FD-424D-AA8A-6050AD764748}.Release|Any CPU.Build.0 = Release|Any CPU
	EndGlobalSection
	GlobalSection(SolutionProperties) = preSolution
		HideSolutionNode = FALSE
	EndGlobalSection
	GlobalSection(ExtensibilityGlobals) = postSolution
		SolutionGuid = {C5FDDDD5-0BAB-4E79-92BF-3F3A6DAE5B90}
	EndGlobalSection
EndGlobal
